<Solution>
  <Folder Name="/.github/">
    <File Path="../.github/copilot-instructions.md" />
  </Folder>
  <Configurations>
    <BuildType Name="Release" />
  </Configurations>
  <Project Path="Ducks No Ideology Limits/DucksNoIdeologyLimits.csproj">
    <BuildType Project="Release" />
  </Project>
</Solution>